
Microsoft Visual Studio Solution File, Format Version 12.00
# Visual Studio Version 17
VisualStudioVersion = 17.14.36414.22 d17.14
MinimumVisualStudioVersion = 10.0.40219.1
Project("{8BC9CEB8-8B4A-11D0-8D11-00A0C91BC942}") = "_09.14.2025_week3BookAssignment1", "_09.14.2025_week3BookAssignment1\_09.14.2025_week3BookAssignment1.vcxproj", "{01977F8B-450D-4B7A-AFF0-ED4CA9897B04}"
EndProject
Global
	GlobalSection(SolutionConfigurationPlatforms) = preSolution
		Debug|x64 = Debug|x64
		Debug|x86 = Debug|x86
		Release|x64 = Release|x64
		Release|x86 = Release|x86
	EndGlobalSection
	GlobalSection(ProjectConfigurationPlatforms) = postSolution
		{01977F8B-450D-4B7A-AFF0-ED4CA9897B04}.Debug|x64.ActiveCfg = Debug|x64
		{01977F8B-450D-4B7A-AFF0-ED4CA9897B04}.Debug|x64.Build.0 = Debug|x64
		{01977F8B-450D-4B7A-AFF0-ED4CA9897B04}.Debug|x86.ActiveCfg = Debug|Win32
		{01977F8B-450D-4B7A-AFF0-ED4CA9897B04}.Debug|x86.Build.0 = Debug|Win32
		{01977F8B-450D-4B7A-AFF0-ED4CA9897B04}.Release|x64.ActiveCfg = Release|x64
		{01977F8B-450D-4B7A-AFF0-ED4CA9897B04}.Release|x64.Build.0 = Release|x64
		{01977F8B-450D-4B7A-AFF0-ED4CA9897B04}.Release|x86.ActiveCfg = Release|Win32
		{01977F8B-450D-4B7A-AFF0-ED4CA9897B04}.Release|x86.Build.0 = Release|Win32
	EndGlobalSection
	GlobalSection(SolutionProperties) = preSolution
		HideSolutionNode = FALSE
	EndGlobalSection
	GlobalSection(ExtensibilityGlobals) = postSolution
		SolutionGuid = {E57AF0FA-DCDA-4A27-A7EE-6E036A0C50A7}
	EndGlobalSection
EndGlobal
